// !$*UTF8*$!
{
	archiveVersion = 1;
	classes = {
	};
	objectVersion = 50;
	objects = {

/* Begin PBXBuildFile section */
		0E03957C0D98968300C8547F /* OperationsWindowMATLABInterface.m in Sources */ = {isa = PBXBuildFile; fileRef = 0E03957B0D98968300C8547F /* OperationsWindowMATLABInterface.m */; };
		0E0503130D993B3C00A2B48E /* XrayDataModel.m in Sources */ = {isa = PBXBuildFile; fileRef = 0E0503120D993B3C00A2B48E /* XrayDataModel.m */; };
		0E1DB9A00D9748090088869E /* CalibrationWindowController.m in Sources */ = {isa = PBXBuildFile; fileRef = 0E1DB99F0D9748090088869E /* CalibrationWindowController.m */; };
		0E1DB9AF0D9748FF0088869E /* XrayBundle.m in Sources */ = {isa = PBXBuildFile; fileRef = 0E1DB9AE0D9748FF0088869E /* XrayBundle.m */; };
		0E3515DA0D9146E10047ECE5 /* Electrode.m in Sources */ = {isa = PBXBuildFile; fileRef = 0EF4B3700D905CD0007C3FBD /* Electrode.m */; };
		0E3516000D91477D0047ECE5 /* PlotableXrayObject.m in Sources */ = {isa = PBXBuildFile; fileRef = 0E3515FF0D91477D0047ECE5 /* PlotableXrayObject.m */; };
		0E3516180D914FD50047ECE5 /* ElectrodePlotableObject.m in Sources */ = {isa = PBXBuildFile; fileRef = 0E3516170D914FD50047ECE5 /* ElectrodePlotableObject.m */; };
		0E35162A0D91526C0047ECE5 /* FiducialPlotableObject.m in Sources */ = {isa = PBXBuildFile; fileRef = 0E3516290D91526C0047ECE5 /* FiducialPlotableObject.m */; };
		0E77E0EF0D9D84560063019B /* FiducialsWindow.nib in Resources */ = {isa = PBXBuildFile; fileRef = 0E77E0E00D9D84560063019B /* FiducialsWindow.nib */; };
		0E77E0F00D9D84560063019B /* MainWindow.nib in Resources */ = {isa = PBXBuildFile; fileRef = 0E77E0E20D9D84560063019B /* MainWindow.nib */; };
		0E77E0F10D9D84560063019B /* NewXrayObjectWindow.nib in Resources */ = {isa = PBXBuildFile; fileRef = 0E77E0E40D9D84560063019B /* NewXrayObjectWindow.nib */; };
		0E77E0F20D9D84560063019B /* OperationsWindow.nib in Resources */ = {isa = PBXBuildFile; fileRef = 0E77E0E60D9D84560063019B /* OperationsWindow.nib */; };
		0E77E0F30D9D84560063019B /* PreferencesWindow.nib in Resources */ = {isa = PBXBuildFile; fileRef = 0E77E0E80D9D84560063019B /* PreferencesWindow.nib */; };
		0EB839C60DA12815007E4246 /* ImageViewer.nib in Resources */ = {isa = PBXBuildFile; fileRef = 0EB839C40DA12815007E4246 /* ImageViewer.nib */; };
		0EB839D00DA12CE0007E4246 /* XrayImageWindowController.m in Sources */ = {isa = PBXBuildFile; fileRef = 0E400C4E0D901B1E0069CBC7 /* XrayImageWindowController.m */; };
		0EB83A0A0DA131F6007E4246 /* XrayImageView.m in Sources */ = {isa = PBXBuildFile; fileRef = 0E400C5F0D901C1D0069CBC7 /* XrayImageView.m */; };
		0EB83C8D0DA187A2007E4246 /* NSImage-ProportionalImage.m in Sources */ = {isa = PBXBuildFile; fileRef = 0E400C680D901CBB0069CBC7 /* NSImage-ProportionalImage.m */; };
		0ECA55F10D96B15C0011A348 /* XrayBundleMATLABInterface.m in Sources */ = {isa = PBXBuildFile; fileRef = 0ECA55F00D96B15C0011A348 /* XrayBundleMATLABInterface.m */; };
		0ECA55FA0D96B3490011A348 /* CocoaMxArray.m in Sources */ = {isa = PBXBuildFile; fileRef = 0ECA55F70D96B3490011A348 /* CocoaMxArray.m */; };
		0ECA55FB0D96B3490011A348 /* GlobalMATLABEngine.m in Sources */ = {isa = PBXBuildFile; fileRef = 0ECA55F90D96B3490011A348 /* GlobalMATLABEngine.m */; };
		0ECA589E0D96BC2D0011A348 /* 440Hz_20s.wav in Resources */ = {isa = PBXBuildFile; fileRef = 0ECA58920D96BC230011A348 /* 440Hz_20s.wav */; };
		0ECF41B00D8F3CC000D1132F /* ApplicationController.m in Sources */ = {isa = PBXBuildFile; fileRef = 0ECF41AF0D8F3CC000D1132F /* ApplicationController.m */; };
		0ECF41BF0D8F3E7F00D1132F /* Calibration.m in Sources */ = {isa = PBXBuildFile; fileRef = 0ECF41BE0D8F3E7F00D1132F /* Calibration.m */; };
		0ECF41D20D8F3F6800D1132F /* MainWindowController.m in Sources */ = {isa = PBXBuildFile; fileRef = 0ECF41D10D8F3F6800D1132F /* MainWindowController.m */; };
		0ECF42E80D8F597E00D1132F /* XrayPreferences.m in Sources */ = {isa = PBXBuildFile; fileRef = 0ECF42E70D8F597E00D1132F /* XrayPreferences.m */; };
		0ECF43090D8F668200D1132F /* PreferencesWindowController.m in Sources */ = {isa = PBXBuildFile; fileRef = 0ECF43080D8F668200D1132F /* PreferencesWindowController.m */; };
		0ED345650D97E2CD00F2A9A5 /* OperationsWindowController.m in Sources */ = {isa = PBXBuildFile; fileRef = 0ED345640D97E2CD00F2A9A5 /* OperationsWindowController.m */; };
		0ED3457B0D97E69300F2A9A5 /* FFORManager.m in Sources */ = {isa = PBXBuildFile; fileRef = 0ED3457A0D97E69300F2A9A5 /* FFORManager.m */; };
		0ED345910D97FBBA00F2A9A5 /* CircleDetector.m in Sources */ = {isa = PBXBuildFile; fileRef = 0ED3458A0D97FBBA00F2A9A5 /* CircleDetector.m */; };
		0ED345920D97FBBA00F2A9A5 /* CoregisterToFrames.m in Sources */ = {isa = PBXBuildFile; fileRef = 0ED3458C0D97FBBA00F2A9A5 /* CoregisterToFrames.m */; };
		0ED345930D97FBBA00F2A9A5 /* ProjectToCRV.m in Sources */ = {isa = PBXBuildFile; fileRef = 0ED3458E0D97FBBA00F2A9A5 /* ProjectToCRV.m */; };
		0ED345940D97FBBA00F2A9A5 /* Reconstruct3D.m in Sources */ = {isa = PBXBuildFile; fileRef = 0ED345900D97FBBA00F2A9A5 /* Reconstruct3D.m */; };
		0ED9852B0D94AB7600E62963 /* NewXrayObjectWindowController.m in Sources */ = {isa = PBXBuildFile; fileRef = 0ED9852A0D94AB7600E62963 /* NewXrayObjectWindowController.m */; };
		0EE612010D909C0E005121D8 /* ColorManager.m in Sources */ = {isa = PBXBuildFile; fileRef = 0EF4B36E0D905CD0007C3FBD /* ColorManager.m */; };
		0EE612020D909C10005121D8 /* CocoaNFS.m in Sources */ = {isa = PBXBuildFile; fileRef = 0EF4B36C0D905CD0007C3FBD /* CocoaNFS.m */; };
		0EE612500D909F5A005121D8 /* XrayObject.m in Sources */ = {isa = PBXBuildFile; fileRef = 0EE6124F0D909F5A005121D8 /* XrayObject.m */; };
		0EE612550D90A206005121D8 /* Fiducial.m in Sources */ = {isa = PBXBuildFile; fileRef = 0EF4B36A0D905CD0007C3FBD /* Fiducial.m */; };
		0EE6128E0D90A7B9005121D8 /* CocoaFFOR.m in Sources */ = {isa = PBXBuildFile; fileRef = 0EF4B3680D905CD0007C3FBD /* CocoaFFOR.m */; };
		0EE8F2270D93EC3F005EAE7A /* XrayObjects.m in Sources */ = {isa = PBXBuildFile; fileRef = 0EF4B3740D905CD0007C3FBD /* XrayObjects.m */; };
		0EE8F2990D93F315005EAE7A /* FiducialWindowController.m in Sources */ = {isa = PBXBuildFile; fileRef = 0EE8F2980D93F315005EAE7A /* FiducialWindowController.m */; };
		68198B0E0E23FA960086EEF7 /* TransformableObject.m in Sources */ = {isa = PBXBuildFile; fileRef = 68198B0D0E23FA960086EEF7 /* TransformableObject.m */; };
		68198B170E23FC2A0086EEF7 /* SourceDetectorPair.m in Sources */ = {isa = PBXBuildFile; fileRef = 68198B160E23FC2A0086EEF7 /* SourceDetectorPair.m */; };
		682C75210DA2951A00FBA300 /* MainMenu.nib in Resources */ = {isa = PBXBuildFile; fileRef = 682C751F0DA2951A00FBA300 /* MainMenu.nib */; };
		682C755E0DA29A9200FBA300 /* CalibrationWindow.nib in Resources */ = {isa = PBXBuildFile; fileRef = 682C755C0DA29A9200FBA300 /* CalibrationWindow.nib */; };
		6840F89A0E2510DA00F223BA /* SourceDetectorPairMATLABInterface.m in Sources */ = {isa = PBXBuildFile; fileRef = 6840F8990E2510DA00F223BA /* SourceDetectorPairMATLABInterface.m */; };
		685510CD0E38DB1400B721A2 /* XrayXMLDocument.m in Sources */ = {isa = PBXBuildFile; fileRef = 685510CC0E38DB1400B721A2 /* XrayXMLDocument.m */; };
		8D11072B0486CEB800E47090 /* InfoPlist.strings in Resources */ = {isa = PBXBuildFile; fileRef = 089C165CFE840E0CC02AAC07 /* InfoPlist.strings */; };
		8D11072D0486CEB800E47090 /* main.m in Sources */ = {isa = PBXBuildFile; fileRef = 29B97316FDCFA39411CA2CEA /* main.m */; settings = {ATTRIBUTES = (); }; };
		8D11072F0486CEB800E47090 /* Cocoa.framework in Frameworks */ = {isa = PBXBuildFile; fileRef = 1058C7A1FEA54F0111CA2CBB /* Cocoa.framework */; };
		E12061CC26AB5D0A00C07099 /* TestData_PapanastassiouPlasticValence.xry in Resources */ = {isa = PBXBuildFile; fileRef = E12061CB26AB5D0A00C07099 /* TestData_PapanastassiouPlasticValence.xry */; };
		E12061D526AB5EF400C07099 /* NFS in Resources */ = {isa = PBXBuildFile; fileRef = E12061D326AB5EF400C07099 /* NFS */; };
		E12061D626AB5EF400C07099 /* FFOR in Resources */ = {isa = PBXBuildFile; fileRef = E12061D426AB5EF400C07099 /* FFOR */; };
		E12061D826AB5F4500C07099 /* MATLAB in Resources */ = {isa = PBXBuildFile; fileRef = E12061D726AB5F4500C07099 /* MATLAB */; };
/* End PBXBuildFile section */

/* Begin PBXFileReference section */
		089C165DFE840E0CC02AAC07 /* English */ = {isa = PBXFileReference; fileEncoding = 10; lastKnownFileType = text.plist.strings; name = English; path = English.lproj/InfoPlist.strings; sourceTree = "<group>"; };
		0E03957A0D98968300C8547F /* OperationsWindowMATLABInterface.h */ = {isa = PBXFileReference; fileEncoding = 4; lastKnownFileType = sourcecode.c.h; path = OperationsWindowMATLABInterface.h; sourceTree = "<group>"; };
		0E03957B0D98968300C8547F /* OperationsWindowMATLABInterface.m */ = {isa = PBXFileReference; fileEncoding = 4; lastKnownFileType = sourcecode.c.objc; path = OperationsWindowMATLABInterface.m; sourceTree = "<group>"; };
		0E0503110D993B3C00A2B48E /* XrayDataModel.h */ = {isa = PBXFileReference; fileEncoding = 4; lastKnownFileType = sourcecode.c.h; path = XrayDataModel.h; sourceTree = "<group>"; };
		0E0503120D993B3C00A2B48E /* XrayDataModel.m */ = {isa = PBXFileReference; fileEncoding = 4; lastKnownFileType = sourcecode.c.objc; path = XrayDataModel.m; sourceTree = "<group>"; };
		0E1DB99E0D9748090088869E /* CalibrationWindowController.h */ = {isa = PBXFileReference; fileEncoding = 4; lastKnownFileType = sourcecode.c.h; path = CalibrationWindowController.h; sourceTree = "<group>"; };
		0E1DB99F0D9748090088869E /* CalibrationWindowController.m */ = {isa = PBXFileReference; fileEncoding = 4; lastKnownFileType = sourcecode.c.objc; path = CalibrationWindowController.m; sourceTree = "<group>"; };
		0E1DB9AD0D9748FF0088869E /* XrayBundle.h */ = {isa = PBXFileReference; fileEncoding = 4; lastKnownFileType = sourcecode.c.h; path = XrayBundle.h; sourceTree = "<group>"; };
		0E1DB9AE0D9748FF0088869E /* XrayBundle.m */ = {isa = PBXFileReference; fileEncoding = 4; lastKnownFileType = sourcecode.c.objc; path = XrayBundle.m; sourceTree = "<group>"; };
		0E3515FE0D91477D0047ECE5 /* PlotableXrayObject.h */ = {isa = PBXFileReference; fileEncoding = 4; lastKnownFileType = sourcecode.c.h; path = PlotableXrayObject.h; sourceTree = "<group>"; };
		0E3515FF0D91477D0047ECE5 /* PlotableXrayObject.m */ = {isa = PBXFileReference; fileEncoding = 4; lastKnownFileType = sourcecode.c.objc; path = PlotableXrayObject.m; sourceTree = "<group>"; };
		0E3516160D914FD50047ECE5 /* ElectrodePlotableObject.h */ = {isa = PBXFileReference; fileEncoding = 4; lastKnownFileType = sourcecode.c.h; path = ElectrodePlotableObject.h; sourceTree = "<group>"; };
		0E3516170D914FD50047ECE5 /* ElectrodePlotableObject.m */ = {isa = PBXFileReference; fileEncoding = 4; lastKnownFileType = sourcecode.c.objc; path = ElectrodePlotableObject.m; sourceTree = "<group>"; };
		0E3516280D91526C0047ECE5 /* FiducialPlotableObject.h */ = {isa = PBXFileReference; fileEncoding = 4; lastKnownFileType = sourcecode.c.h; path = FiducialPlotableObject.h; sourceTree = "<group>"; };
		0E3516290D91526C0047ECE5 /* FiducialPlotableObject.m */ = {isa = PBXFileReference; fileEncoding = 4; lastKnownFileType = sourcecode.c.objc; path = FiducialPlotableObject.m; sourceTree = "<group>"; };
		0E400C4D0D901B1E0069CBC7 /* XrayImageWindowController.h */ = {isa = PBXFileReference; fileEncoding = 4; lastKnownFileType = sourcecode.c.h; path = XrayImageWindowController.h; sourceTree = "<group>"; };
		0E400C4E0D901B1E0069CBC7 /* XrayImageWindowController.m */ = {isa = PBXFileReference; fileEncoding = 4; lastKnownFileType = sourcecode.c.objc; path = XrayImageWindowController.m; sourceTree = "<group>"; };
		0E400C5E0D901C1D0069CBC7 /* XrayImageView.h */ = {isa = PBXFileReference; fileEncoding = 4; lastKnownFileType = sourcecode.c.h; path = XrayImageView.h; sourceTree = "<group>"; };
		0E400C5F0D901C1D0069CBC7 /* XrayImageView.m */ = {isa = PBXFileReference; fileEncoding = 4; lastKnownFileType = sourcecode.c.objc; path = XrayImageView.m; sourceTree = "<group>"; };
		0E400C670D901CBB0069CBC7 /* NSImage-ProportionalImage.h */ = {isa = PBXFileReference; fileEncoding = 4; lastKnownFileType = sourcecode.c.h; path = "NSImage-ProportionalImage.h"; sourceTree = "<group>"; };
		0E400C680D901CBB0069CBC7 /* NSImage-ProportionalImage.m */ = {isa = PBXFileReference; fileEncoding = 4; lastKnownFileType = sourcecode.c.objc; path = "NSImage-ProportionalImage.m"; sourceTree = "<group>"; };
		0E77E0E10D9D84560063019B /* English */ = {isa = PBXFileReference; lastKnownFileType = wrapper.nib; name = English; path = English.lproj/FiducialsWindow.nib; sourceTree = "<group>"; };
		0E77E0E30D9D84560063019B /* English */ = {isa = PBXFileReference; lastKnownFileType = wrapper.nib; name = English; path = English.lproj/MainWindow.nib; sourceTree = "<group>"; };
		0E77E0E50D9D84560063019B /* English */ = {isa = PBXFileReference; lastKnownFileType = wrapper.nib; name = English; path = English.lproj/NewXrayObjectWindow.nib; sourceTree = "<group>"; };
		0E77E0E70D9D84560063019B /* English */ = {isa = PBXFileReference; lastKnownFileType = wrapper.nib; name = English; path = English.lproj/OperationsWindow.nib; sourceTree = "<group>"; };
		0E77E0E90D9D84560063019B /* English */ = {isa = PBXFileReference; lastKnownFileType = wrapper.nib; name = English; path = English.lproj/PreferencesWindow.nib; sourceTree = "<group>"; };
		0EB839C50DA12815007E4246 /* English */ = {isa = PBXFileReference; lastKnownFileType = wrapper.nib; name = English; path = English.lproj/ImageViewer.nib; sourceTree = "<group>"; };
		0ECA55EF0D96B15C0011A348 /* XrayBundleMATLABInterface.h */ = {isa = PBXFileReference; fileEncoding = 4; lastKnownFileType = sourcecode.c.h; path = XrayBundleMATLABInterface.h; sourceTree = "<group>"; };
		0ECA55F00D96B15C0011A348 /* XrayBundleMATLABInterface.m */ = {isa = PBXFileReference; fileEncoding = 4; lastKnownFileType = sourcecode.c.objc; path = XrayBundleMATLABInterface.m; sourceTree = "<group>"; };
		0ECA55F60D96B3490011A348 /* CocoaMxArray.h */ = {isa = PBXFileReference; fileEncoding = 4; lastKnownFileType = sourcecode.c.h; path = CocoaMxArray.h; sourceTree = "<group>"; };
		0ECA55F70D96B3490011A348 /* CocoaMxArray.m */ = {isa = PBXFileReference; fileEncoding = 4; lastKnownFileType = sourcecode.c.objc; path = CocoaMxArray.m; sourceTree = "<group>"; };
		0ECA55F80D96B3490011A348 /* GlobalMATLABEngine.h */ = {isa = PBXFileReference; fileEncoding = 4; lastKnownFileType = sourcecode.c.h; path = GlobalMATLABEngine.h; sourceTree = "<group>"; };
		0ECA55F90D96B3490011A348 /* GlobalMATLABEngine.m */ = {isa = PBXFileReference; fileEncoding = 4; lastKnownFileType = sourcecode.c.objc; path = GlobalMATLABEngine.m; sourceTree = "<group>"; };
		0ECA58920D96BC230011A348 /* 440Hz_20s.wav */ = {isa = PBXFileReference; lastKnownFileType = audio.wav; name = 440Hz_20s.wav; path = Resources/440Hz_20s.wav; sourceTree = "<group>"; };
		0ECF41AE0D8F3CC000D1132F /* ApplicationController.h */ = {isa = PBXFileReference; fileEncoding = 4; lastKnownFileType = sourcecode.c.h; path = ApplicationController.h; sourceTree = "<group>"; };
		0ECF41AF0D8F3CC000D1132F /* ApplicationController.m */ = {isa = PBXFileReference; fileEncoding = 4; lastKnownFileType = sourcecode.c.objc; path = ApplicationController.m; sourceTree = "<group>"; };
		0ECF41BD0D8F3E7F00D1132F /* Calibration.h */ = {isa = PBXFileReference; fileEncoding = 4; lastKnownFileType = sourcecode.c.h; path = Calibration.h; sourceTree = "<group>"; };
		0ECF41BE0D8F3E7F00D1132F /* Calibration.m */ = {isa = PBXFileReference; fileEncoding = 4; lastKnownFileType = sourcecode.c.objc; path = Calibration.m; sourceTree = "<group>"; };
		0ECF41D00D8F3F6800D1132F /* MainWindowController.h */ = {isa = PBXFileReference; fileEncoding = 4; lastKnownFileType = sourcecode.c.h; path = MainWindowController.h; sourceTree = "<group>"; };
		0ECF41D10D8F3F6800D1132F /* MainWindowController.m */ = {isa = PBXFileReference; fileEncoding = 4; lastKnownFileType = sourcecode.c.objc; path = MainWindowController.m; sourceTree = "<group>"; };
		0ECF42E60D8F597E00D1132F /* XrayPreferences.h */ = {isa = PBXFileReference; fileEncoding = 4; lastKnownFileType = sourcecode.c.h; path = XrayPreferences.h; sourceTree = "<group>"; };
		0ECF42E70D8F597E00D1132F /* XrayPreferences.m */ = {isa = PBXFileReference; fileEncoding = 4; lastKnownFileType = sourcecode.c.objc; path = XrayPreferences.m; sourceTree = "<group>"; };
		0ECF43070D8F668200D1132F /* PreferencesWindowController.h */ = {isa = PBXFileReference; fileEncoding = 4; lastKnownFileType = sourcecode.c.h; path = PreferencesWindowController.h; sourceTree = "<group>"; };
		0ECF43080D8F668200D1132F /* PreferencesWindowController.m */ = {isa = PBXFileReference; fileEncoding = 4; lastKnownFileType = sourcecode.c.objc; path = PreferencesWindowController.m; sourceTree = "<group>"; };
		0ED345630D97E2CD00F2A9A5 /* OperationsWindowController.h */ = {isa = PBXFileReference; fileEncoding = 4; lastKnownFileType = sourcecode.c.h; path = OperationsWindowController.h; sourceTree = "<group>"; };
		0ED345640D97E2CD00F2A9A5 /* OperationsWindowController.m */ = {isa = PBXFileReference; fileEncoding = 4; lastKnownFileType = sourcecode.c.objc; path = OperationsWindowController.m; sourceTree = "<group>"; };
		0ED345790D97E69200F2A9A5 /* FFORManager.h */ = {isa = PBXFileReference; fileEncoding = 4; lastKnownFileType = sourcecode.c.h; path = FFORManager.h; sourceTree = "<group>"; };
		0ED3457A0D97E69300F2A9A5 /* FFORManager.m */ = {isa = PBXFileReference; fileEncoding = 4; lastKnownFileType = sourcecode.c.objc; path = FFORManager.m; sourceTree = "<group>"; };
		0ED345890D97FBBA00F2A9A5 /* CircleDetector.h */ = {isa = PBXFileReference; fileEncoding = 4; lastKnownFileType = sourcecode.c.h; path = CircleDetector.h; sourceTree = "<group>"; };
		0ED3458A0D97FBBA00F2A9A5 /* CircleDetector.m */ = {isa = PBXFileReference; fileEncoding = 4; lastKnownFileType = sourcecode.c.objc; path = CircleDetector.m; sourceTree = "<group>"; };
		0ED3458B0D97FBBA00F2A9A5 /* CoregisterToFrames.h */ = {isa = PBXFileReference; fileEncoding = 4; lastKnownFileType = sourcecode.c.h; path = CoregisterToFrames.h; sourceTree = "<group>"; };
		0ED3458C0D97FBBA00F2A9A5 /* CoregisterToFrames.m */ = {isa = PBXFileReference; fileEncoding = 4; lastKnownFileType = sourcecode.c.objc; path = CoregisterToFrames.m; sourceTree = "<group>"; };
		0ED3458D0D97FBBA00F2A9A5 /* ProjectToCRV.h */ = {isa = PBXFileReference; fileEncoding = 4; lastKnownFileType = sourcecode.c.h; path = ProjectToCRV.h; sourceTree = "<group>"; };
		0ED3458E0D97FBBA00F2A9A5 /* ProjectToCRV.m */ = {isa = PBXFileReference; fileEncoding = 4; lastKnownFileType = sourcecode.c.objc; path = ProjectToCRV.m; sourceTree = "<group>"; };
		0ED3458F0D97FBBA00F2A9A5 /* Reconstruct3D.h */ = {isa = PBXFileReference; fileEncoding = 4; lastKnownFileType = sourcecode.c.h; path = Reconstruct3D.h; sourceTree = "<group>"; };
		0ED345900D97FBBA00F2A9A5 /* Reconstruct3D.m */ = {isa = PBXFileReference; fileEncoding = 4; lastKnownFileType = sourcecode.c.objc; path = Reconstruct3D.m; sourceTree = "<group>"; };
		0ED985290D94AB7600E62963 /* NewXrayObjectWindowController.h */ = {isa = PBXFileReference; fileEncoding = 4; lastKnownFileType = sourcecode.c.h; path = NewXrayObjectWindowController.h; sourceTree = "<group>"; };
		0ED9852A0D94AB7600E62963 /* NewXrayObjectWindowController.m */ = {isa = PBXFileReference; fileEncoding = 4; lastKnownFileType = sourcecode.c.objc; path = NewXrayObjectWindowController.m; sourceTree = "<group>"; };
		0EE6124E0D909F5A005121D8 /* XrayObject.h */ = {isa = PBXFileReference; fileEncoding = 4; lastKnownFileType = sourcecode.c.h; path = XrayObject.h; sourceTree = "<group>"; };
		0EE6124F0D909F5A005121D8 /* XrayObject.m */ = {isa = PBXFileReference; fileEncoding = 4; lastKnownFileType = sourcecode.c.objc; path = XrayObject.m; sourceTree = "<group>"; };
		0EE8F2970D93F315005EAE7A /* FiducialWindowController.h */ = {isa = PBXFileReference; fileEncoding = 4; lastKnownFileType = sourcecode.c.h; path = FiducialWindowController.h; sourceTree = "<group>"; };
		0EE8F2980D93F315005EAE7A /* FiducialWindowController.m */ = {isa = PBXFileReference; fileEncoding = 4; lastKnownFileType = sourcecode.c.objc; path = FiducialWindowController.m; sourceTree = "<group>"; };
		0EF4B2C30D90567D007C3FBD /* XrayConstants.h */ = {isa = PBXFileReference; fileEncoding = 4; lastKnownFileType = sourcecode.c.h; path = XrayConstants.h; sourceTree = "<group>"; };
		0EF4B3670D905CD0007C3FBD /* CocoaFFOR.h */ = {isa = PBXFileReference; fileEncoding = 4; lastKnownFileType = sourcecode.c.h; path = CocoaFFOR.h; sourceTree = "<group>"; };
		0EF4B3680D905CD0007C3FBD /* CocoaFFOR.m */ = {isa = PBXFileReference; fileEncoding = 4; lastKnownFileType = sourcecode.c.objc; path = CocoaFFOR.m; sourceTree = "<group>"; };
		0EF4B3690D905CD0007C3FBD /* Fiducial.h */ = {isa = PBXFileReference; fileEncoding = 4; lastKnownFileType = sourcecode.c.h; path = Fiducial.h; sourceTree = "<group>"; };
		0EF4B36A0D905CD0007C3FBD /* Fiducial.m */ = {isa = PBXFileReference; fileEncoding = 4; lastKnownFileType = sourcecode.c.objc; path = Fiducial.m; sourceTree = "<group>"; };
		0EF4B36B0D905CD0007C3FBD /* CocoaNFS.h */ = {isa = PBXFileReference; fileEncoding = 4; lastKnownFileType = sourcecode.c.h; path = CocoaNFS.h; sourceTree = "<group>"; };
		0EF4B36C0D905CD0007C3FBD /* CocoaNFS.m */ = {isa = PBXFileReference; fileEncoding = 4; lastKnownFileType = sourcecode.c.objc; path = CocoaNFS.m; sourceTree = "<group>"; };
		0EF4B36D0D905CD0007C3FBD /* ColorManager.h */ = {isa = PBXFileReference; fileEncoding = 4; lastKnownFileType = sourcecode.c.h; path = ColorManager.h; sourceTree = "<group>"; };
		0EF4B36E0D905CD0007C3FBD /* ColorManager.m */ = {isa = PBXFileReference; fileEncoding = 4; lastKnownFileType = sourcecode.c.objc; path = ColorManager.m; sourceTree = "<group>"; };
		0EF4B36F0D905CD0007C3FBD /* Electrode.h */ = {isa = PBXFileReference; fileEncoding = 4; lastKnownFileType = sourcecode.c.h; path = Electrode.h; sourceTree = "<group>"; };
		0EF4B3700D905CD0007C3FBD /* Electrode.m */ = {isa = PBXFileReference; fileEncoding = 4; lastKnownFileType = sourcecode.c.objc; path = Electrode.m; sourceTree = "<group>"; };
		0EF4B3730D905CD0007C3FBD /* XrayObjects.h */ = {isa = PBXFileReference; fileEncoding = 4; lastKnownFileType = sourcecode.c.h; path = XrayObjects.h; sourceTree = "<group>"; };
		0EF4B3740D905CD0007C3FBD /* XrayObjects.m */ = {isa = PBXFileReference; fileEncoding = 4; lastKnownFileType = sourcecode.c.objc; path = XrayObjects.m; sourceTree = "<group>"; };
		1058C7A1FEA54F0111CA2CBB /* Cocoa.framework */ = {isa = PBXFileReference; lastKnownFileType = wrapper.framework; name = Cocoa.framework; path = /System/Library/Frameworks/Cocoa.framework; sourceTree = "<absolute>"; };
		13E42FB307B3F0F600E4EEF1 /* CoreData.framework */ = {isa = PBXFileReference; lastKnownFileType = wrapper.framework; name = CoreData.framework; path = /System/Library/Frameworks/CoreData.framework; sourceTree = "<absolute>"; };
		29B97316FDCFA39411CA2CEA /* main.m */ = {isa = PBXFileReference; fileEncoding = 4; lastKnownFileType = sourcecode.c.objc; path = main.m; sourceTree = "<group>"; };
		29B97324FDCFA39411CA2CEA /* AppKit.framework */ = {isa = PBXFileReference; lastKnownFileType = wrapper.framework; name = AppKit.framework; path = /System/Library/Frameworks/AppKit.framework; sourceTree = "<absolute>"; };
		29B97325FDCFA39411CA2CEA /* Foundation.framework */ = {isa = PBXFileReference; lastKnownFileType = wrapper.framework; name = Foundation.framework; path = /System/Library/Frameworks/Foundation.framework; sourceTree = "<absolute>"; };
		32CA4F630368D1EE00C91783 /* XRIPT_Prefix.pch */ = {isa = PBXFileReference; fileEncoding = 4; lastKnownFileType = sourcecode.c.h; path = XRIPT_Prefix.pch; sourceTree = "<group>"; };
		68198B0C0E23FA960086EEF7 /* TransformableObject.h */ = {isa = PBXFileReference; fileEncoding = 4; lastKnownFileType = sourcecode.c.h; path = TransformableObject.h; sourceTree = "<group>"; };
		68198B0D0E23FA960086EEF7 /* TransformableObject.m */ = {isa = PBXFileReference; fileEncoding = 4; lastKnownFileType = sourcecode.c.objc; path = TransformableObject.m; sourceTree = "<group>"; };
		68198B150E23FC2A0086EEF7 /* SourceDetectorPair.h */ = {isa = PBXFileReference; fileEncoding = 4; lastKnownFileType = sourcecode.c.h; path = SourceDetectorPair.h; sourceTree = "<group>"; };
		68198B160E23FC2A0086EEF7 /* SourceDetectorPair.m */ = {isa = PBXFileReference; fileEncoding = 4; lastKnownFileType = sourcecode.c.objc; path = SourceDetectorPair.m; sourceTree = "<group>"; };
		682C75200DA2951A00FBA300 /* English */ = {isa = PBXFileReference; lastKnownFileType = wrapper.nib; name = English; path = English.lproj/MainMenu.nib; sourceTree = "<group>"; };
		682C755D0DA29A9200FBA300 /* English */ = {isa = PBXFileReference; lastKnownFileType = wrapper.nib; name = English; path = English.lproj/CalibrationWindow.nib; sourceTree = "<group>"; };
		6840F8980E2510DA00F223BA /* SourceDetectorPairMATLABInterface.h */ = {isa = PBXFileReference; fileEncoding = 4; lastKnownFileType = sourcecode.c.h; path = SourceDetectorPairMATLABInterface.h; sourceTree = "<group>"; };
		6840F8990E2510DA00F223BA /* SourceDetectorPairMATLABInterface.m */ = {isa = PBXFileReference; fileEncoding = 4; lastKnownFileType = sourcecode.c.objc; path = SourceDetectorPairMATLABInterface.m; sourceTree = "<group>"; };
		685510CB0E38DB1400B721A2 /* XrayXMLDocument.h */ = {isa = PBXFileReference; fileEncoding = 4; lastKnownFileType = sourcecode.c.h; path = XrayXMLDocument.h; sourceTree = "<group>"; };
		685510CC0E38DB1400B721A2 /* XrayXMLDocument.m */ = {isa = PBXFileReference; fileEncoding = 4; lastKnownFileType = sourcecode.c.objc; path = XrayXMLDocument.m; sourceTree = "<group>"; };
		8D1107310486CEB800E47090 /* Info.plist */ = {isa = PBXFileReference; fileEncoding = 4; lastKnownFileType = text.plist.xml; path = Info.plist; sourceTree = "<group>"; };
		8D1107320486CEB800E47090 /* XRIPT.app */ = {isa = PBXFileReference; explicitFileType = wrapper.application; includeInIndex = 0; path = XRIPT.app; sourceTree = BUILT_PRODUCTS_DIR; };
		E12061CB26AB5D0A00C07099 /* TestData_PapanastassiouPlasticValence.xry */ = {isa = PBXFileReference; lastKnownFileType = folder; name = TestData_PapanastassiouPlasticValence.xry; path = Resources/TestData_PapanastassiouPlasticValence.xry; sourceTree = "<group>"; };
		E12061D326AB5EF400C07099 /* NFS */ = {isa = PBXFileReference; lastKnownFileType = folder; name = NFS; path = Resources/NFS; sourceTree = "<group>"; };
		E12061D426AB5EF400C07099 /* FFOR */ = {isa = PBXFileReference; lastKnownFileType = folder; name = FFOR; path = Resources/FFOR; sourceTree = "<group>"; };
		E12061D726AB5F4500C07099 /* MATLAB */ = {isa = PBXFileReference; lastKnownFileType = folder; path = MATLAB; sourceTree = "<group>"; };
/* End PBXFileReference section */

/* Begin PBXFrameworksBuildPhase section */
		8D11072E0486CEB800E47090 /* Frameworks */ = {
			isa = PBXFrameworksBuildPhase;
			buildActionMask = 2147483647;
			files = (
				8D11072F0486CEB800E47090 /* Cocoa.framework in Frameworks */,
			);
			runOnlyForDeploymentPostprocessing = 0;
		};
/* End PBXFrameworksBuildPhase section */

/* Begin PBXGroup section */
		080E96DDFE201D6D7F000001 /* Classes */ = {
			isa = PBXGroup;
			children = (
				0ECA55F50D96B32F0011A348 /* MATLAB Interface */,
				0ECA55EE0D96B1200011A348 /* XrayBundle */,
				0EF4B3630D905C44007C3FBD /* Window */,
				0EF4B3640D905C65007C3FBD /* XrayObjects */,
				0ECAE5990D9559C6002749C5 /* Preferences */,
				0ECF41AE0D8F3CC000D1132F /* ApplicationController.h */,
				0ECF41AF0D8F3CC000D1132F /* ApplicationController.m */,
				0EF4B2C30D90567D007C3FBD /* XrayConstants.h */,
				0E0503110D993B3C00A2B48E /* XrayDataModel.h */,
				0E0503120D993B3C00A2B48E /* XrayDataModel.m */,
			);
			name = Classes;
			sourceTree = "<group>";
		};
		0E400C640D901C8F0069CBC7 /* ImageViewer */ = {
			isa = PBXGroup;
			children = (
				0E400C5F0D901C1D0069CBC7 /* XrayImageView.m */,
				0E400C5E0D901C1D0069CBC7 /* XrayImageView.h */,
				0E400C670D901CBB0069CBC7 /* NSImage-ProportionalImage.h */,
				0E400C680D901CBB0069CBC7 /* NSImage-ProportionalImage.m */,
				0E400C4D0D901B1E0069CBC7 /* XrayImageWindowController.h */,
				0E400C4E0D901B1E0069CBC7 /* XrayImageWindowController.m */,
			);
			name = ImageViewer;
			sourceTree = "<group>";
		};
		0ECA55EE0D96B1200011A348 /* XrayBundle */ = {
			isa = PBXGroup;
			children = (
				0ECA55EF0D96B15C0011A348 /* XrayBundleMATLABInterface.h */,
				0ECA55F00D96B15C0011A348 /* XrayBundleMATLABInterface.m */,
				0E1DB9AD0D9748FF0088869E /* XrayBundle.h */,
				0E1DB9AE0D9748FF0088869E /* XrayBundle.m */,
				685510CB0E38DB1400B721A2 /* XrayXMLDocument.h */,
				685510CC0E38DB1400B721A2 /* XrayXMLDocument.m */,
			);
			name = XrayBundle;
			sourceTree = "<group>";
		};
		0ECA55F50D96B32F0011A348 /* MATLAB Interface */ = {
			isa = PBXGroup;
			children = (
				0ECA55F60D96B3490011A348 /* CocoaMxArray.h */,
				0ECA55F70D96B3490011A348 /* CocoaMxArray.m */,
				0ECA55F80D96B3490011A348 /* GlobalMATLABEngine.h */,
				0ECA55F90D96B3490011A348 /* GlobalMATLABEngine.m */,
			);
			name = "MATLAB Interface";
			sourceTree = "<group>";
		};
		0ECAE5950D95591C002749C5 /* MainWindow */ = {
			isa = PBXGroup;
			children = (
				0ECF41D00D8F3F6800D1132F /* MainWindowController.h */,
				0ECF41D10D8F3F6800D1132F /* MainWindowController.m */,
			);
			name = MainWindow;
			sourceTree = "<group>";
		};
		0ECAE5960D95592F002749C5 /* PreferencesWindow */ = {
			isa = PBXGroup;
			children = (
				0ECF43070D8F668200D1132F /* PreferencesWindowController.h */,
				0ECF43080D8F668200D1132F /* PreferencesWindowController.m */,
				0E1DB99E0D9748090088869E /* CalibrationWindowController.h */,
				0E1DB99F0D9748090088869E /* CalibrationWindowController.m */,
			);
			name = PreferencesWindow;
			sourceTree = "<group>";
		};
		0ECAE5980D95598C002749C5 /* XrayObject */ = {
			isa = PBXGroup;
			children = (
				0ED984120D9499AA00E62963 /* Electrode */,
				0ED984110D94999900E62963 /* Fiducial */,
				0EE6124E0D909F5A005121D8 /* XrayObject.h */,
				0EE6124F0D909F5A005121D8 /* XrayObject.m */,
				0E3515FE0D91477D0047ECE5 /* PlotableXrayObject.h */,
				0E3515FF0D91477D0047ECE5 /* PlotableXrayObject.m */,
			);
			name = XrayObject;
			sourceTree = "<group>";
		};
		0ECAE5990D9559C6002749C5 /* Preferences */ = {
			isa = PBXGroup;
			children = (
				6840F8970E2510B600F223BA /* Calibration */,
				0ECF42E60D8F597E00D1132F /* XrayPreferences.h */,
				0ECF42E70D8F597E00D1132F /* XrayPreferences.m */,
			);
			name = Preferences;
			sourceTree = "<group>";
		};
		0ED345620D97E2B700F2A9A5 /* OperationsWindow */ = {
			isa = PBXGroup;
			children = (
				0ED345890D97FBBA00F2A9A5 /* CircleDetector.h */,
				0ED3458A0D97FBBA00F2A9A5 /* CircleDetector.m */,
				0ED3458B0D97FBBA00F2A9A5 /* CoregisterToFrames.h */,
				0ED3458C0D97FBBA00F2A9A5 /* CoregisterToFrames.m */,
				0ED3458D0D97FBBA00F2A9A5 /* ProjectToCRV.h */,
				0ED3458E0D97FBBA00F2A9A5 /* ProjectToCRV.m */,
				0ED3458F0D97FBBA00F2A9A5 /* Reconstruct3D.h */,
				0ED345900D97FBBA00F2A9A5 /* Reconstruct3D.m */,
				0ED345630D97E2CD00F2A9A5 /* OperationsWindowController.h */,
				0ED345640D97E2CD00F2A9A5 /* OperationsWindowController.m */,
				0E03957A0D98968300C8547F /* OperationsWindowMATLABInterface.h */,
				0E03957B0D98968300C8547F /* OperationsWindowMATLABInterface.m */,
			);
			name = OperationsWindow;
			sourceTree = "<group>";
		};
		0ED984110D94999900E62963 /* Fiducial */ = {
			isa = PBXGroup;
			children = (
				0E3516280D91526C0047ECE5 /* FiducialPlotableObject.h */,
				0E3516290D91526C0047ECE5 /* FiducialPlotableObject.m */,
				0EF4B3690D905CD0007C3FBD /* Fiducial.h */,
				0EF4B36A0D905CD0007C3FBD /* Fiducial.m */,
			);
			name = Fiducial;
			sourceTree = "<group>";
		};
		0ED984120D9499AA00E62963 /* Electrode */ = {
			isa = PBXGroup;
			children = (
				0EF4B36F0D905CD0007C3FBD /* Electrode.h */,
				0EF4B3700D905CD0007C3FBD /* Electrode.m */,
				0E3516160D914FD50047ECE5 /* ElectrodePlotableObject.h */,
				0E3516170D914FD50047ECE5 /* ElectrodePlotableObject.m */,
			);
			name = Electrode;
			sourceTree = "<group>";
		};
		0ED985280D94AB5A00E62963 /* FiducialWindow */ = {
			isa = PBXGroup;
			children = (
				0EE8F2970D93F315005EAE7A /* FiducialWindowController.h */,
				0EE8F2980D93F315005EAE7A /* FiducialWindowController.m */,
				0ED985290D94AB7600E62963 /* NewXrayObjectWindowController.h */,
				0ED9852A0D94AB7600E62963 /* NewXrayObjectWindowController.m */,
			);
			name = FiducialWindow;
			sourceTree = "<group>";
		};
		0EF4B3630D905C44007C3FBD /* Window */ = {
			isa = PBXGroup;
			children = (
				0ED345620D97E2B700F2A9A5 /* OperationsWindow */,
				0E400C640D901C8F0069CBC7 /* ImageViewer */,
				0ECAE5960D95592F002749C5 /* PreferencesWindow */,
				0ECAE5950D95591C002749C5 /* MainWindow */,
				0ED985280D94AB5A00E62963 /* FiducialWindow */,
			);
			name = Window;
			sourceTree = "<group>";
		};
		0EF4B3640D905C65007C3FBD /* XrayObjects */ = {
			isa = PBXGroup;
			children = (
				0ECAE5980D95598C002749C5 /* XrayObject */,
				0EF4B3670D905CD0007C3FBD /* CocoaFFOR.h */,
				0EF4B3680D905CD0007C3FBD /* CocoaFFOR.m */,
				0EF4B36B0D905CD0007C3FBD /* CocoaNFS.h */,
				0EF4B36C0D905CD0007C3FBD /* CocoaNFS.m */,
				0EF4B36D0D905CD0007C3FBD /* ColorManager.h */,
				0EF4B36E0D905CD0007C3FBD /* ColorManager.m */,
				0EF4B3730D905CD0007C3FBD /* XrayObjects.h */,
				0EF4B3740D905CD0007C3FBD /* XrayObjects.m */,
				0ED345790D97E69200F2A9A5 /* FFORManager.h */,
				0ED3457A0D97E69300F2A9A5 /* FFORManager.m */,
			);
			name = XrayObjects;
			sourceTree = "<group>";
		};
		1058C7A0FEA54F0111CA2CBB /* Linked Frameworks */ = {
			isa = PBXGroup;
			children = (
				1058C7A1FEA54F0111CA2CBB /* Cocoa.framework */,
			);
			name = "Linked Frameworks";
			sourceTree = "<group>";
		};
		1058C7A2FEA54F0111CA2CBB /* Other Frameworks */ = {
			isa = PBXGroup;
			children = (
				29B97324FDCFA39411CA2CEA /* AppKit.framework */,
				13E42FB307B3F0F600E4EEF1 /* CoreData.framework */,
				29B97325FDCFA39411CA2CEA /* Foundation.framework */,
			);
			name = "Other Frameworks";
			sourceTree = "<group>";
		};
		19C28FACFE9D520D11CA2CBB /* Products */ = {
			isa = PBXGroup;
			children = (
				8D1107320486CEB800E47090 /* XRIPT.app */,
			);
			name = Products;
			sourceTree = "<group>";
		};
		29B97314FDCFA39411CA2CEA /* XRIPT */ = {
			isa = PBXGroup;
			children = (
				080E96DDFE201D6D7F000001 /* Classes */,
				29B97315FDCFA39411CA2CEA /* Other Sources */,
				29B97317FDCFA39411CA2CEA /* Resources */,
				29B97323FDCFA39411CA2CEA /* Frameworks */,
				19C28FACFE9D520D11CA2CBB /* Products */,
			);
			name = XRIPT;
			sourceTree = "<group>";
		};
		29B97315FDCFA39411CA2CEA /* Other Sources */ = {
			isa = PBXGroup;
			children = (
				32CA4F630368D1EE00C91783 /* XRIPT_Prefix.pch */,
				29B97316FDCFA39411CA2CEA /* main.m */,
			);
			name = "Other Sources";
			sourceTree = "<group>";
		};
		29B97317FDCFA39411CA2CEA /* Resources */ = {
			isa = PBXGroup;
			children = (
				E12061D726AB5F4500C07099 /* MATLAB */,
				E12061D426AB5EF400C07099 /* FFOR */,
				E12061D326AB5EF400C07099 /* NFS */,
				E12061CB26AB5D0A00C07099 /* TestData_PapanastassiouPlasticValence.xry */,
				0ECA58920D96BC230011A348 /* 440Hz_20s.wav */,
				682C755C0DA29A9200FBA300 /* CalibrationWindow.nib */,
				682C751F0DA2951A00FBA300 /* MainMenu.nib */,
				0EB839C40DA12815007E4246 /* ImageViewer.nib */,
				0E77E0E00D9D84560063019B /* FiducialsWindow.nib */,
				0E77E0E20D9D84560063019B /* MainWindow.nib */,
				0E77E0E40D9D84560063019B /* NewXrayObjectWindow.nib */,
				0E77E0E60D9D84560063019B /* OperationsWindow.nib */,
				0E77E0E80D9D84560063019B /* PreferencesWindow.nib */,
				8D1107310486CEB800E47090 /* Info.plist */,
				089C165CFE840E0CC02AAC07 /* InfoPlist.strings */,
			);
			name = Resources;
			sourceTree = "<group>";
		};
		29B97323FDCFA39411CA2CEA /* Frameworks */ = {
			isa = PBXGroup;
			children = (
				1058C7A0FEA54F0111CA2CBB /* Linked Frameworks */,
				1058C7A2FEA54F0111CA2CBB /* Other Frameworks */,
			);
			name = Frameworks;
			sourceTree = "<group>";
		};
		6840F8970E2510B600F223BA /* Calibration */ = {
			isa = PBXGroup;
			children = (
				0ECF41BD0D8F3E7F00D1132F /* Calibration.h */,
				0ECF41BE0D8F3E7F00D1132F /* Calibration.m */,
				68198B0C0E23FA960086EEF7 /* TransformableObject.h */,
				68198B0D0E23FA960086EEF7 /* TransformableObject.m */,
				68198B150E23FC2A0086EEF7 /* SourceDetectorPair.h */,
				68198B160E23FC2A0086EEF7 /* SourceDetectorPair.m */,
				6840F8980E2510DA00F223BA /* SourceDetectorPairMATLABInterface.h */,
				6840F8990E2510DA00F223BA /* SourceDetectorPairMATLABInterface.m */,
			);
			name = Calibration;
			sourceTree = "<group>";
		};
/* End PBXGroup section */

/* Begin PBXNativeTarget section */
		8D1107260486CEB800E47090 /* XRIPT */ = {
			isa = PBXNativeTarget;
			buildConfigurationList = C01FCF4A08A954540054247B /* Build configuration list for PBXNativeTarget "XRIPT" */;
			buildPhases = (
				8D11072C0486CEB800E47090 /* Sources */,
				8D11072E0486CEB800E47090 /* Frameworks */,
				8D1107290486CEB800E47090 /* Resources */,
			);
			buildRules = (
			);
			dependencies = (
			);
			name = XRIPT;
			productInstallPath = "$(HOME)/Applications";
			productName = XRIPT;
			productReference = 8D1107320486CEB800E47090 /* XRIPT.app */;
			productType = "com.apple.product-type.application";
		};
/* End PBXNativeTarget section */

/* Begin PBXProject section */
		29B97313FDCFA39411CA2CEA /* Project object */ = {
			isa = PBXProject;
			attributes = {
			};
			buildConfigurationList = C01FCF4E08A954540054247B /* Build configuration list for PBXProject "XRIPT" */;
			compatibilityVersion = "Xcode 9.3";
			developmentRegion = en;
			hasScannedForEncodings = 1;
			knownRegions = (
				en,
				Base,
				English,
			);
			mainGroup = 29B97314FDCFA39411CA2CEA /* XRIPT */;
			projectDirPath = "";
			projectRoot = "";
			targets = (
				8D1107260486CEB800E47090 /* XRIPT */,
			);
		};
/* End PBXProject section */

/* Begin PBXResourcesBuildPhase section */
		8D1107290486CEB800E47090 /* Resources */ = {
			isa = PBXResourcesBuildPhase;
			buildActionMask = 2147483647;
			files = (
				0ECA589E0D96BC2D0011A348 /* 440Hz_20s.wav in Resources */,
				8D11072B0486CEB800E47090 /* InfoPlist.strings in Resources */,
				0E77E0EF0D9D84560063019B /* FiducialsWindow.nib in Resources */,
				E12061D626AB5EF400C07099 /* FFOR in Resources */,
				0E77E0F00D9D84560063019B /* MainWindow.nib in Resources */,
				0E77E0F10D9D84560063019B /* NewXrayObjectWindow.nib in Resources */,
				0E77E0F20D9D84560063019B /* OperationsWindow.nib in Resources */,
				E12061D826AB5F4500C07099 /* MATLAB in Resources */,
				E12061D526AB5EF400C07099 /* NFS in Resources */,
				0E77E0F30D9D84560063019B /* PreferencesWindow.nib in Resources */,
				E12061CC26AB5D0A00C07099 /* TestData_PapanastassiouPlasticValence.xry in Resources */,
				0EB839C60DA12815007E4246 /* ImageViewer.nib in Resources */,
				682C75210DA2951A00FBA300 /* MainMenu.nib in Resources */,
				682C755E0DA29A9200FBA300 /* CalibrationWindow.nib in Resources */,
			);
			runOnlyForDeploymentPostprocessing = 0;
		};
/* End PBXResourcesBuildPhase section */

/* Begin PBXSourcesBuildPhase section */
		8D11072C0486CEB800E47090 /* Sources */ = {
			isa = PBXSourcesBuildPhase;
			buildActionMask = 2147483647;
			files = (
				8D11072D0486CEB800E47090 /* main.m in Sources */,
				0ECF41B00D8F3CC000D1132F /* ApplicationController.m in Sources */,
				0ECF41BF0D8F3E7F00D1132F /* Calibration.m in Sources */,
				0ECF41D20D8F3F6800D1132F /* MainWindowController.m in Sources */,
				0ECF42E80D8F597E00D1132F /* XrayPreferences.m in Sources */,
				0ECF43090D8F668200D1132F /* PreferencesWindowController.m in Sources */,
				0EE612010D909C0E005121D8 /* ColorManager.m in Sources */,
				0EE612020D909C10005121D8 /* CocoaNFS.m in Sources */,
				0EE612500D909F5A005121D8 /* XrayObject.m in Sources */,
				0EE612550D90A206005121D8 /* Fiducial.m in Sources */,
				0EE6128E0D90A7B9005121D8 /* CocoaFFOR.m in Sources */,
				0E3515DA0D9146E10047ECE5 /* Electrode.m in Sources */,
				0E3516000D91477D0047ECE5 /* PlotableXrayObject.m in Sources */,
				0E3516180D914FD50047ECE5 /* ElectrodePlotableObject.m in Sources */,
				0E35162A0D91526C0047ECE5 /* FiducialPlotableObject.m in Sources */,
				0EE8F2270D93EC3F005EAE7A /* XrayObjects.m in Sources */,
				0EE8F2990D93F315005EAE7A /* FiducialWindowController.m in Sources */,
				0ED9852B0D94AB7600E62963 /* NewXrayObjectWindowController.m in Sources */,
				0ECA55F10D96B15C0011A348 /* XrayBundleMATLABInterface.m in Sources */,
				0ECA55FA0D96B3490011A348 /* CocoaMxArray.m in Sources */,
				0ECA55FB0D96B3490011A348 /* GlobalMATLABEngine.m in Sources */,
				0E1DB9A00D9748090088869E /* CalibrationWindowController.m in Sources */,
				0E1DB9AF0D9748FF0088869E /* XrayBundle.m in Sources */,
				0ED345650D97E2CD00F2A9A5 /* OperationsWindowController.m in Sources */,
				0ED3457B0D97E69300F2A9A5 /* FFORManager.m in Sources */,
				0ED345910D97FBBA00F2A9A5 /* CircleDetector.m in Sources */,
				0ED345920D97FBBA00F2A9A5 /* CoregisterToFrames.m in Sources */,
				0ED345930D97FBBA00F2A9A5 /* ProjectToCRV.m in Sources */,
				0ED345940D97FBBA00F2A9A5 /* Reconstruct3D.m in Sources */,
				0E03957C0D98968300C8547F /* OperationsWindowMATLABInterface.m in Sources */,
				0E0503130D993B3C00A2B48E /* XrayDataModel.m in Sources */,
				0EB839D00DA12CE0007E4246 /* XrayImageWindowController.m in Sources */,
				0EB83A0A0DA131F6007E4246 /* XrayImageView.m in Sources */,
				0EB83C8D0DA187A2007E4246 /* NSImage-ProportionalImage.m in Sources */,
				68198B0E0E23FA960086EEF7 /* TransformableObject.m in Sources */,
				68198B170E23FC2A0086EEF7 /* SourceDetectorPair.m in Sources */,
				6840F89A0E2510DA00F223BA /* SourceDetectorPairMATLABInterface.m in Sources */,
				685510CD0E38DB1400B721A2 /* XrayXMLDocument.m in Sources */,
			);
			runOnlyForDeploymentPostprocessing = 0;
		};
/* End PBXSourcesBuildPhase section */

/* Begin PBXVariantGroup section */
		089C165CFE840E0CC02AAC07 /* InfoPlist.strings */ = {
			isa = PBXVariantGroup;
			children = (
				089C165DFE840E0CC02AAC07 /* English */,
			);
			name = InfoPlist.strings;
			sourceTree = "<group>";
		};
		0E77E0E00D9D84560063019B /* FiducialsWindow.nib */ = {
			isa = PBXVariantGroup;
			children = (
				0E77E0E10D9D84560063019B /* English */,
			);
			name = FiducialsWindow.nib;
			sourceTree = "<group>";
		};
		0E77E0E20D9D84560063019B /* MainWindow.nib */ = {
			isa = PBXVariantGroup;
			children = (
				0E77E0E30D9D84560063019B /* English */,
			);
			name = MainWindow.nib;
			sourceTree = "<group>";
		};
		0E77E0E40D9D84560063019B /* NewXrayObjectWindow.nib */ = {
			isa = PBXVariantGroup;
			children = (
				0E77E0E50D9D84560063019B /* English */,
			);
			name = NewXrayObjectWindow.nib;
			sourceTree = "<group>";
		};
		0E77E0E60D9D84560063019B /* OperationsWindow.nib */ = {
			isa = PBXVariantGroup;
			children = (
				0E77E0E70D9D84560063019B /* English */,
			);
			name = OperationsWindow.nib;
			sourceTree = "<group>";
		};
		0E77E0E80D9D84560063019B /* PreferencesWindow.nib */ = {
			isa = PBXVariantGroup;
			children = (
				0E77E0E90D9D84560063019B /* English */,
			);
			name = PreferencesWindow.nib;
			sourceTree = "<group>";
		};
		0EB839C40DA12815007E4246 /* ImageViewer.nib */ = {
			isa = PBXVariantGroup;
			children = (
				0EB839C50DA12815007E4246 /* English */,
			);
			name = ImageViewer.nib;
			sourceTree = "<group>";
		};
		682C751F0DA2951A00FBA300 /* MainMenu.nib */ = {
			isa = PBXVariantGroup;
			children = (
				682C75200DA2951A00FBA300 /* English */,
			);
			name = MainMenu.nib;
			sourceTree = "<group>";
		};
		682C755C0DA29A9200FBA300 /* CalibrationWindow.nib */ = {
			isa = PBXVariantGroup;
			children = (
				682C755D0DA29A9200FBA300 /* English */,
			);
			name = CalibrationWindow.nib;
			sourceTree = "<group>";
		};
/* End PBXVariantGroup section */

/* Begin XCBuildConfiguration section */
		C01FCF4B08A954540054247B /* Debug */ = {
			isa = XCBuildConfiguration;
			buildSettings = {
				COPY_PHASE_STRIP = NO;
				GCC_DYNAMIC_NO_PIC = NO;
				GCC_ENABLE_FIX_AND_CONTINUE = YES;
				GCC_OPTIMIZATION_LEVEL = 0;
				GCC_PRECOMPILE_PREFIX_HEADER = YES;
				GCC_PREFIX_HEADER = XRIPT_Prefix.pch;
				INFOPLIST_FILE = Info.plist;
				PRODUCT_BUNDLE_IDENTIFIER = edu.mit.XRIPT;
				PRODUCT_NAME = XRIPT;
				WRAPPER_EXTENSION = app;
			};
			name = Debug;
		};
		C01FCF4C08A954540054247B /* Release */ = {
			isa = XCBuildConfiguration;
			buildSettings = {
				DEBUG_INFORMATION_FORMAT = "dwarf-with-dsym";
				GCC_PRECOMPILE_PREFIX_HEADER = YES;
				GCC_PREFIX_HEADER = XRIPT_Prefix.pch;
				INFOPLIST_FILE = Info.plist;
				PRODUCT_BUNDLE_IDENTIFIER = edu.mit.XRIPT;
				PRODUCT_NAME = XRIPT;
				WRAPPER_EXTENSION = app;
			};
			name = Release;
		};
		C01FCF4F08A954540054247B /* Debug */ = {
			isa = XCBuildConfiguration;
			buildSettings = {
				ALWAYS_SEARCH_USER_PATHS = NO;
				ARCHS = x86_64;
				GCC_C_LANGUAGE_STANDARD = c99;
				GCC_ENABLE_OBJC_EXCEPTIONS = YES;
				GCC_WARN_ABOUT_RETURN_TYPE = YES;
				GCC_WARN_UNUSED_VARIABLE = YES;
				HEADER_SEARCH_PATHS = (
					"$(inherited)",
					/Applications/MATLAB/extern/include,
				);
				LD_RUNPATH_SEARCH_PATHS = (
					"$(inherited)",
					/Applications/MATLAB/bin/maci64,
				);
				LIBRARY_SEARCH_PATHS = (
					"$(inherited)",
					/Applications/MATLAB/bin/maci64,
				);
				OTHER_LDFLAGS = (
					"$(inherited)",
					"-framework",
					CocoaNIDAQ,
					"-framework",
					CocoaShadoCam,
					"-lxml2",
					"-lmat",
					"-lmx",
					"-leng",
				);
			};
			name = Debug;
		};
		C01FCF5008A954540054247B /* Release */ = {
			isa = XCBuildConfiguration;
			buildSettings = {
				ALWAYS_SEARCH_USER_PATHS = NO;
				ARCHS = x86_64;
				GCC_C_LANGUAGE_STANDARD = c99;
				GCC_WARN_ABOUT_RETURN_TYPE = YES;
				GCC_WARN_UNUSED_VARIABLE = YES;
				HEADER_SEARCH_PATHS = (
					"$(inherited)",
					/Applications/MATLAB/extern/include,
				);
				LD_RUNPATH_SEARCH_PATHS = (
					"$(inherited)",
					/Applications/MATLAB/bin/maci64,
				);
				LIBRARY_SEARCH_PATHS = (
					"$(inherited)",
					/Applications/MATLAB/bin/maci64,
				);
				OTHER_LDFLAGS = (
					"$(inherited)",
					"-framework",
					CocoaNIDAQ,
					"-framework",
					CocoaShadoCam,
					"-lxml2",
					"-lmat",
					"-lmx",
					"-leng",
				);
			};
			name = Release;
		};
/* End XCBuildConfiguration section */

/* Begin XCConfigurationList section */
		C01FCF4A08A954540054247B /* Build configuration list for PBXNativeTarget "XRIPT" */ = {
			isa = XCConfigurationList;
			buildConfigurations = (
				C01FCF4B08A954540054247B /* Debug */,
				C01FCF4C08A954540054247B /* Release */,
			);
			defaultConfigurationIsVisible = 0;
			defaultConfigurationName = Release;
		};
		C01FCF4E08A954540054247B /* Build configuration list for PBXProject "XRIPT" */ = {
			isa = XCConfigurationList;
			buildConfigurations = (
				C01FCF4F08A954540054247B /* Debug */,
				C01FCF5008A954540054247B /* Release */,
			);
			defaultConfigurationIsVisible = 0;
			defaultConfigurationName = Release;
		};
/* End XCConfigurationList section */
	};
	rootObject = 29B97313FDCFA39411CA2CEA /* Project object */;
}
